{
  "object": {
    "pins": [
      {
        "package": "DSFAppearanceManager",
        "repositoryURL": "https://github.com/dagronf/DSFAppearanceManager",
        "state": {
          "branch": null,
          "revision": "fd459c8060d46d17b780a80ac43db83b444e2e13",
          "version": "3.6.2"
        }
      }
    ]
  },
  "version": 1
}
