// !$*UTF8*$!
{
	archiveVersion = 1;
	classes = {
	};
	objectVersion = 52;
	objects = {

/* Begin PBXAggregateTarget section */
		23D29C41256C890300E5CBC0 /* All */ = {
			isa = PBXAggregateTarget;
			buildConfigurationList = 23D29C44256C890300E5CBC0 /* Build configuration list for PBXAggregateTarget "All" */;
			buildPhases = (
			);
			dependencies = (
				230A4B8E256CA760009B4689 /* PBXTargetDependency */,
				23D29C49256C890800E5CBC0 /* PBXTargetDependency */,
				23D29C4B256C890800E5CBC0 /* PBXTargetDependency */,
			);
			name = All;
			productName = All;
		};
/* End PBXAggregateTarget section */

/* Begin PBXBuildFile section */
		230A4B79256CA750009B4689 /* AppDelegate.m in Sources */ = {isa = PBXBuildFile; fileRef = 230A4B78256CA750009B4689 /* AppDelegate.m */; };
		230A4B7C256CA750009B4689 /* ViewController.m in Sources */ = {isa = PBXBuildFile; fileRef = 230A4B7B256CA750009B4689 /* ViewController.m */; };
		230A4B7E256CA751009B4689 /* Assets.xcassets in Resources */ = {isa = PBXBuildFile; fileRef = 230A4B7D256CA751009B4689 /* Assets.xcassets */; };
		230A4B81256CA751009B4689 /* Main.storyboard in Resources */ = {isa = PBXBuildFile; fileRef = 230A4B7F256CA751009B4689 /* Main.storyboard */; };
		230A4B84256CA751009B4689 /* main.m in Sources */ = {isa = PBXBuildFile; fileRef = 230A4B83256CA751009B4689 /* main.m */; };
		230A4B96256CA771009B4689 /* DSFDropFilesView in Frameworks */ = {isa = PBXBuildFile; productRef = 230A4B95256CA771009B4689 /* DSFDropFilesView */; };
		2359819D256B2FCA000D2479 /* DSFDropFilesView+SwiftUI.swift in Sources */ = {isa = PBXBuildFile; fileRef = 2359819C256B2FCA000D2479 /* DSFDropFilesView+SwiftUI.swift */; };
		235981A8256B333F000D2479 /* AppDelegate.swift in Sources */ = {isa = PBXBuildFile; fileRef = 235981A7256B333F000D2479 /* AppDelegate.swift */; };
		235981AA256B333F000D2479 /* ContentView.swift in Sources */ = {isa = PBXBuildFile; fileRef = 235981A9256B333F000D2479 /* ContentView.swift */; };
		235981AC256B3340000D2479 /* Assets.xcassets in Resources */ = {isa = PBXBuildFile; fileRef = 235981AB256B3340000D2479 /* Assets.xcassets */; };
		235981AF256B3340000D2479 /* Preview Assets.xcassets in Resources */ = {isa = PBXBuildFile; fileRef = 235981AE256B3340000D2479 /* Preview Assets.xcassets */; };
		235981B2256B3340000D2479 /* Main.storyboard in Resources */ = {isa = PBXBuildFile; fileRef = 235981B0256B3340000D2479 /* Main.storyboard */; };
		23875E43256B2B5900A0ACE0 /* DSFDropFilesView.swift in Sources */ = {isa = PBXBuildFile; fileRef = 23875E42256B2B5900A0ACE0 /* DSFDropFilesView.swift */; };
		23875E49256B2B6A00A0ACE0 /* DSFDropFilesView+utils.swift in Sources */ = {isa = PBXBuildFile; fileRef = 23875E45256B2B6A00A0ACE0 /* DSFDropFilesView+utils.swift */; };
		23875E4A256B2B6A00A0ACE0 /* DSFDropFilesView+image.swift in Sources */ = {isa = PBXBuildFile; fileRef = 23875E46256B2B6A00A0ACE0 /* DSFDropFilesView+image.swift */; };
		23875E4B256B2B6A00A0ACE0 /* DSFDropFilesView+protocol.swift in Sources */ = {isa = PBXBuildFile; fileRef = 23875E47256B2B6A00A0ACE0 /* DSFDropFilesView+protocol.swift */; };
		23875E4C256B2B6A00A0ACE0 /* DSFAccessibility.swift in Sources */ = {isa = PBXBuildFile; fileRef = 23875E48256B2B6A00A0ACE0 /* DSFAccessibility.swift */; };
		23D29C59256C8DF800E5CBC0 /* DSFDropFilesView in Frameworks */ = {isa = PBXBuildFile; productRef = 23D29C58256C8DF800E5CBC0 /* DSFDropFilesView */; };
		23E5973C2547D4460080BE0E /* AppDelegate.swift in Sources */ = {isa = PBXBuildFile; fileRef = 23E5973B2547D4460080BE0E /* AppDelegate.swift */; };
		23E5973E2547D4460080BE0E /* ViewController.swift in Sources */ = {isa = PBXBuildFile; fileRef = 23E5973D2547D4460080BE0E /* ViewController.swift */; };
		23E597402547D4470080BE0E /* Assets.xcassets in Resources */ = {isa = PBXBuildFile; fileRef = 23E5973F2547D4470080BE0E /* Assets.xcassets */; };
		23E597432547D4470080BE0E /* Main.storyboard in Resources */ = {isa = PBXBuildFile; fileRef = 23E597412547D4470080BE0E /* Main.storyboard */; };
/* End PBXBuildFile section */

/* Begin PBXContainerItemProxy section */
		230A4B8D256CA760009B4689 /* PBXContainerItemProxy */ = {
			isa = PBXContainerItemProxy;
			containerPortal = 23E597302547D4460080BE0E /* Project object */;
			proxyType = 1;
			remoteGlobalIDString = 230A4B74256CA750009B4689;
			remoteInfo = "DSFDropFilesView ObjC Demo";
		};
		23D29C48256C890800E5CBC0 /* PBXContainerItemProxy */ = {
			isa = PBXContainerItemProxy;
			containerPortal = 23E597302547D4460080BE0E /* Project object */;
			proxyType = 1;
			remoteGlobalIDString = 23E597372547D4460080BE0E;
			remoteInfo = "DSFDropFilesView Demo";
		};
		23D29C4A256C890800E5CBC0 /* PBXContainerItemProxy */ = {
			isa = PBXContainerItemProxy;
			containerPortal = 23E597302547D4460080BE0E /* Project object */;
			proxyType = 1;
			remoteGlobalIDString = 235981A4256B333F000D2479;
			remoteInfo = "DSFDropFilesView SwiftUI Demo";
		};
/* End PBXContainerItemProxy section */

/* Begin PBXFileReference section */
		230A4B75256CA750009B4689 /* DSFDropFilesView ObjC Demo.app */ = {isa = PBXFileReference; explicitFileType = wrapper.application; includeInIndex = 0; path = "DSFDropFilesView ObjC Demo.app"; sourceTree = BUILT_PRODUCTS_DIR; };
		230A4B77256CA750009B4689 /* AppDelegate.h */ = {isa = PBXFileReference; lastKnownFileType = sourcecode.c.h; path = AppDelegate.h; sourceTree = "<group>"; };
		230A4B78256CA750009B4689 /* AppDelegate.m */ = {isa = PBXFileReference; lastKnownFileType = sourcecode.c.objc; path = AppDelegate.m; sourceTree = "<group>"; };
		230A4B7A256CA750009B4689 /* ViewController.h */ = {isa = PBXFileReference; lastKnownFileType = sourcecode.c.h; path = ViewController.h; sourceTree = "<group>"; };
		230A4B7B256CA750009B4689 /* ViewController.m */ = {isa = PBXFileReference; lastKnownFileType = sourcecode.c.objc; path = ViewController.m; sourceTree = "<group>"; };
		230A4B7D256CA751009B4689 /* Assets.xcassets */ = {isa = PBXFileReference; lastKnownFileType = folder.assetcatalog; path = Assets.xcassets; sourceTree = "<group>"; };
		230A4B80256CA751009B4689 /* Base */ = {isa = PBXFileReference; lastKnownFileType = file.storyboard; name = Base; path = Base.lproj/Main.storyboard; sourceTree = "<group>"; };
		230A4B82256CA751009B4689 /* Info.plist */ = {isa = PBXFileReference; lastKnownFileType = text.plist.xml; path = Info.plist; sourceTree = "<group>"; };
		230A4B83256CA751009B4689 /* main.m */ = {isa = PBXFileReference; lastKnownFileType = sourcecode.c.objc; path = main.m; sourceTree = "<group>"; };
		230A4B85256CA751009B4689 /* DSFDropFilesView_ObjC_Demo.entitlements */ = {isa = PBXFileReference; lastKnownFileType = text.plist.entitlements; path = DSFDropFilesView_ObjC_Demo.entitlements; sourceTree = "<group>"; };
		2359819C256B2FCA000D2479 /* DSFDropFilesView+SwiftUI.swift */ = {isa = PBXFileReference; fileEncoding = 4; lastKnownFileType = sourcecode.swift; name = "DSFDropFilesView+SwiftUI.swift"; path = "../../../Sources/DSFDropFilesView/DSFDropFilesView+SwiftUI.swift"; sourceTree = "<group>"; };
		235981A5256B333F000D2479 /* DSFDropFilesView SwiftUI Demo.app */ = {isa = PBXFileReference; explicitFileType = wrapper.application; includeInIndex = 0; path = "DSFDropFilesView SwiftUI Demo.app"; sourceTree = BUILT_PRODUCTS_DIR; };
		235981A7256B333F000D2479 /* AppDelegate.swift */ = {isa = PBXFileReference; lastKnownFileType = sourcecode.swift; path = AppDelegate.swift; sourceTree = "<group>"; };
		235981A9256B333F000D2479 /* ContentView.swift */ = {isa = PBXFileReference; lastKnownFileType = sourcecode.swift; path = ContentView.swift; sourceTree = "<group>"; };
		235981AB256B3340000D2479 /* Assets.xcassets */ = {isa = PBXFileReference; lastKnownFileType = folder.assetcatalog; path = Assets.xcassets; sourceTree = "<group>"; };
		235981AE256B3340000D2479 /* Preview Assets.xcassets */ = {isa = PBXFileReference; lastKnownFileType = folder.assetcatalog; path = "Preview Assets.xcassets"; sourceTree = "<group>"; };
		235981B1256B3340000D2479 /* Base */ = {isa = PBXFileReference; lastKnownFileType = file.storyboard; name = Base; path = Base.lproj/Main.storyboard; sourceTree = "<group>"; };
		235981B3256B3340000D2479 /* Info.plist */ = {isa = PBXFileReference; lastKnownFileType = text.plist.xml; path = Info.plist; sourceTree = "<group>"; };
		235981B4256B3340000D2479 /* DSFDropFilesView_SwiftUI_Demo.entitlements */ = {isa = PBXFileReference; lastKnownFileType = text.plist.entitlements; path = DSFDropFilesView_SwiftUI_Demo.entitlements; sourceTree = "<group>"; };
		23875E42256B2B5900A0ACE0 /* DSFDropFilesView.swift */ = {isa = PBXFileReference; fileEncoding = 4; lastKnownFileType = sourcecode.swift; name = DSFDropFilesView.swift; path = ../../../Sources/DSFDropFilesView/DSFDropFilesView.swift; sourceTree = "<group>"; };
		23875E45256B2B6A00A0ACE0 /* DSFDropFilesView+utils.swift */ = {isa = PBXFileReference; fileEncoding = 4; lastKnownFileType = sourcecode.swift; name = "DSFDropFilesView+utils.swift"; path = "../../../Sources/DSFDropFilesView/private/DSFDropFilesView+utils.swift"; sourceTree = "<group>"; };
		23875E46256B2B6A00A0ACE0 /* DSFDropFilesView+image.swift */ = {isa = PBXFileReference; fileEncoding = 4; lastKnownFileType = sourcecode.swift; name = "DSFDropFilesView+image.swift"; path = "../../../Sources/DSFDropFilesView/private/DSFDropFilesView+image.swift"; sourceTree = "<group>"; };
		23875E47256B2B6A00A0ACE0 /* DSFDropFilesView+protocol.swift */ = {isa = PBXFileReference; fileEncoding = 4; lastKnownFileType = sourcecode.swift; name = "DSFDropFilesView+protocol.swift"; path = "../../../Sources/DSFDropFilesView/private/DSFDropFilesView+protocol.swift"; sourceTree = "<group>"; };
		23875E48256B2B6A00A0ACE0 /* DSFAccessibility.swift */ = {isa = PBXFileReference; fileEncoding = 4; lastKnownFileType = sourcecode.swift; name = DSFAccessibility.swift; path = ../../../Sources/DSFDropFilesView/private/DSFAccessibility.swift; sourceTree = "<group>"; };
		23D29C4F256C8DDC00E5CBC0 /* DSFDropFilesView */ = {isa = PBXFileReference; lastKnownFileType = folder; name = DSFDropFilesView; path = ../..; sourceTree = "<group>"; };
		23E597382547D4460080BE0E /* DSFDropFilesView Demo.app */ = {isa = PBXFileReference; explicitFileType = wrapper.application; includeInIndex = 0; path = "DSFDropFilesView Demo.app"; sourceTree = BUILT_PRODUCTS_DIR; };
		23E5973B2547D4460080BE0E /* AppDelegate.swift */ = {isa = PBXFileReference; lastKnownFileType = sourcecode.swift; path = AppDelegate.swift; sourceTree = "<group>"; };
		23E5973D2547D4460080BE0E /* ViewController.swift */ = {isa = PBXFileReference; lastKnownFileType = sourcecode.swift; path = ViewController.swift; sourceTree = "<group>"; };
		23E5973F2547D4470080BE0E /* Assets.xcassets */ = {isa = PBXFileReference; lastKnownFileType = folder.assetcatalog; path = Assets.xcassets; sourceTree = "<group>"; };
		23E597422547D4470080BE0E /* Base */ = {isa = PBXFileReference; lastKnownFileType = file.storyboard; name = Base; path = Base.lproj/Main.storyboard; sourceTree = "<group>"; };
		23E597442547D4470080BE0E /* Info.plist */ = {isa = PBXFileReference; lastKnownFileType = text.plist.xml; path = Info.plist; sourceTree = "<group>"; };
		23E597452547D4470080BE0E /* DSFDropFilesView_Demo.entitlements */ = {isa = PBXFileReference; lastKnownFileType = text.plist.entitlements; path = DSFDropFilesView_Demo.entitlements; sourceTree = "<group>"; };
/* End PBXFileReference section */

/* Begin PBXFrameworksBuildPhase section */
		230A4B72256CA750009B4689 /* Frameworks */ = {
			isa = PBXFrameworksBuildPhase;
			buildActionMask = 2147483647;
			files = (
				230A4B96256CA771009B4689 /* DSFDropFilesView in Frameworks */,
			);
			runOnlyForDeploymentPostprocessing = 0;
		};
		235981A2256B333F000D2479 /* Frameworks */ = {
			isa = PBXFrameworksBuildPhase;
			buildActionMask = 2147483647;
			files = (
				23D29C59256C8DF800E5CBC0 /* DSFDropFilesView in Frameworks */,
			);
			runOnlyForDeploymentPostprocessing = 0;
		};
		23E597352547D4460080BE0E /* Frameworks */ = {
			isa = PBXFrameworksBuildPhase;
			buildActionMask = 2147483647;
			files = (
			);
			runOnlyForDeploymentPostprocessing = 0;
		};
/* End PBXFrameworksBuildPhase section */

/* Begin PBXGroup section */
		230A4B76256CA750009B4689 /* DSFDropFilesView ObjC Demo */ = {
			isa = PBXGroup;
			children = (
				230A4B77256CA750009B4689 /* AppDelegate.h */,
				230A4B78256CA750009B4689 /* AppDelegate.m */,
				230A4B7A256CA750009B4689 /* ViewController.h */,
				230A4B7B256CA750009B4689 /* ViewController.m */,
				230A4B7D256CA751009B4689 /* Assets.xcassets */,
				230A4B7F256CA751009B4689 /* Main.storyboard */,
				230A4B82256CA751009B4689 /* Info.plist */,
				230A4B83256CA751009B4689 /* main.m */,
				230A4B85256CA751009B4689 /* DSFDropFilesView_ObjC_Demo.entitlements */,
			);
			path = "DSFDropFilesView ObjC Demo";
			sourceTree = "<group>";
		};
		235981A6256B333F000D2479 /* DSFDropFilesView SwiftUI Demo */ = {
			isa = PBXGroup;
			children = (
				235981A7256B333F000D2479 /* AppDelegate.swift */,
				235981A9256B333F000D2479 /* ContentView.swift */,
				235981AB256B3340000D2479 /* Assets.xcassets */,
				235981B0256B3340000D2479 /* Main.storyboard */,
				235981B3256B3340000D2479 /* Info.plist */,
				235981B4256B3340000D2479 /* DSFDropFilesView_SwiftUI_Demo.entitlements */,
				235981AD256B3340000D2479 /* Preview Content */,
			);
			path = "DSFDropFilesView SwiftUI Demo";
			sourceTree = "<group>";
		};
		235981AD256B3340000D2479 /* Preview Content */ = {
			isa = PBXGroup;
			children = (
				235981AE256B3340000D2479 /* Preview Assets.xcassets */,
			);
			path = "Preview Content";
			sourceTree = "<group>";
		};
		23875E41256B2B3200A0ACE0 /* DSFDropFilesView */ = {
			isa = PBXGroup;
			children = (
				23875E42256B2B5900A0ACE0 /* DSFDropFilesView.swift */,
				2359819C256B2FCA000D2479 /* DSFDropFilesView+SwiftUI.swift */,
				23875E48256B2B6A00A0ACE0 /* DSFAccessibility.swift */,
				23875E46256B2B6A00A0ACE0 /* DSFDropFilesView+image.swift */,
				23875E47256B2B6A00A0ACE0 /* DSFDropFilesView+protocol.swift */,
				23875E45256B2B6A00A0ACE0 /* DSFDropFilesView+utils.swift */,
			);
			name = DSFDropFilesView;
			sourceTree = "<group>";
		};
		23E5972F2547D4460080BE0E = {
			isa = PBXGroup;
			children = (
				23D29C4F256C8DDC00E5CBC0 /* DSFDropFilesView */,
				23E5973A2547D4460080BE0E /* DSFDropFilesView Demo */,
				235981A6256B333F000D2479 /* DSFDropFilesView SwiftUI Demo */,
				230A4B76256CA750009B4689 /* DSFDropFilesView ObjC Demo */,
				23E597392547D4460080BE0E /* Products */,
				23E597522547D56D0080BE0E /* Frameworks */,
			);
			sourceTree = "<group>";
		};
		23E597392547D4460080BE0E /* Products */ = {
			isa = PBXGroup;
			children = (
				23E597382547D4460080BE0E /* DSFDropFilesView Demo.app */,
				235981A5256B333F000D2479 /* DSFDropFilesView SwiftUI Demo.app */,
				230A4B75256CA750009B4689 /* DSFDropFilesView ObjC Demo.app */,
			);
			name = Products;
			sourceTree = "<group>";
		};
		23E5973A2547D4460080BE0E /* DSFDropFilesView Demo */ = {
			isa = PBXGroup;
			children = (
				23875E41256B2B3200A0ACE0 /* DSFDropFilesView */,
				23E5973B2547D4460080BE0E /* AppDelegate.swift */,
				23E5973D2547D4460080BE0E /* ViewController.swift */,
				23E5973F2547D4470080BE0E /* Assets.xcassets */,
				23E597412547D4470080BE0E /* Main.storyboard */,
				23E597442547D4470080BE0E /* Info.plist */,
				23E597452547D4470080BE0E /* DSFDropFilesView_Demo.entitlements */,
			);
			path = "DSFDropFilesView Demo";
			sourceTree = "<group>";
		};
		23E597522547D56D0080BE0E /* Frameworks */ = {
			isa = PBXGroup;
			children = (
			);
			name = Frameworks;
			sourceTree = "<group>";
		};
/* End PBXGroup section */

/* Begin PBXNativeTarget section */
		230A4B74256CA750009B4689 /* DSFDropFilesView ObjC Demo */ = {
			isa = PBXNativeTarget;
			buildConfigurationList = 230A4B88256CA751009B4689 /* Build configuration list for PBXNativeTarget "DSFDropFilesView ObjC Demo" */;
			buildPhases = (
				230A4B71256CA750009B4689 /* Sources */,
				230A4B72256CA750009B4689 /* Frameworks */,
				230A4B73256CA750009B4689 /* Resources */,
			);
			buildRules = (
			);
			dependencies = (
				230A4B94256CA76B009B4689 /* PBXTargetDependency */,
			);
			name = "DSFDropFilesView ObjC Demo";
			packageProductDependencies = (
				230A4B95256CA771009B4689 /* DSFDropFilesView */,
			);
			productName = "DSFDropFilesView ObjC Demo";
			productReference = 230A4B75256CA750009B4689 /* DSFDropFilesView ObjC Demo.app */;
			productType = "com.apple.product-type.application";
		};
		235981A4256B333F000D2479 /* DSFDropFilesView SwiftUI Demo */ = {
			isa = PBXNativeTarget;
			buildConfigurationList = 235981B5256B3340000D2479 /* Build configuration list for PBXNativeTarget "DSFDropFilesView SwiftUI Demo" */;
			buildPhases = (
				235981A1256B333F000D2479 /* Sources */,
				235981A2256B333F000D2479 /* Frameworks */,
				235981A3256B333F000D2479 /* Resources */,
			);
			buildRules = (
			);
			dependencies = (
				23D29C57256C8DF300E5CBC0 /* PBXTargetDependency */,
			);
			name = "DSFDropFilesView SwiftUI Demo";
			packageProductDependencies = (
				23D29C58256C8DF800E5CBC0 /* DSFDropFilesView */,
			);
			productName = "DSFDropFilesView SwiftUI Demo";
			productReference = 235981A5256B333F000D2479 /* DSFDropFilesView SwiftUI Demo.app */;
			productType = "com.apple.product-type.application";
		};
		23E597372547D4460080BE0E /* DSFDropFilesView Demo */ = {
			isa = PBXNativeTarget;
			buildConfigurationList = 23E597482547D4470080BE0E /* Build configuration list for PBXNativeTarget "DSFDropFilesView Demo" */;
			buildPhases = (
				23E597342547D4460080BE0E /* Sources */,
				23E597352547D4460080BE0E /* Frameworks */,
				23E597362547D4460080BE0E /* Resources */,
			);
			buildRules = (
			);
			dependencies = (
			);
			name = "DSFDropFilesView Demo";
			packageProductDependencies = (
			);
			productName = "DSFDropFilesView Demo";
			productReference = 23E597382547D4460080BE0E /* DSFDropFilesView Demo.app */;
			productType = "com.apple.product-type.application";
		};
/* End PBXNativeTarget section */

/* Begin PBXProject section */
		23E597302547D4460080BE0E /* Project object */ = {
			isa = PBXProject;
			attributes = {
				LastSwiftUpdateCheck = 1220;
				LastUpgradeCheck = 1220;
				TargetAttributes = {
					230A4B74256CA750009B4689 = {
						CreatedOnToolsVersion = 12.2;
					};
					235981A4256B333F000D2479 = {
						CreatedOnToolsVersion = 12.2;
					};
					23D29C41256C890300E5CBC0 = {
						CreatedOnToolsVersion = 12.2;
					};
					23E597372547D4460080BE0E = {
						CreatedOnToolsVersion = 12.2;
					};
				};
			};
			buildConfigurationList = 23E597332547D4460080BE0E /* Build configuration list for PBXProject "DSFDropFilesView Demo" */;
			compatibilityVersion = "Xcode 9.3";
			developmentRegion = en;
			hasScannedForEncodings = 0;
			knownRegions = (
				en,
				Base,
			);
			mainGroup = 23E5972F2547D4460080BE0E;
			productRefGroup = 23E597392547D4460080BE0E /* Products */;
			projectDirPath = "";
			projectRoot = "";
			targets = (
				23E597372547D4460080BE0E /* DSFDropFilesView Demo */,
				235981A4256B333F000D2479 /* DSFDropFilesView SwiftUI Demo */,
				23D29C41256C890300E5CBC0 /* All */,
				230A4B74256CA750009B4689 /* DSFDropFilesView ObjC Demo */,
			);
		};
/* End PBXProject section */

/* Begin PBXResourcesBuildPhase section */
		230A4B73256CA750009B4689 /* Resources */ = {
			isa = PBXResourcesBuildPhase;
			buildActionMask = 2147483647;
			files = (
				230A4B7E256CA751009B4689 /* Assets.xcassets in Resources */,
				230A4B81256CA751009B4689 /* Main.storyboard in Resources */,
			);
			runOnlyForDeploymentPostprocessing = 0;
		};
		235981A3256B333F000D2479 /* Resources */ = {
			isa = PBXResourcesBuildPhase;
			buildActionMask = 2147483647;
			files = (
				235981B2256B3340000D2479 /* Main.storyboard in Resources */,
				235981AF256B3340000D2479 /* Preview Assets.xcassets in Resources */,
				235981AC256B3340000D2479 /* Assets.xcassets in Resources */,
			);
			runOnlyForDeploymentPostprocessing = 0;
		};
		23E597362547D4460080BE0E /* Resources */ = {
			isa = PBXResourcesBuildPhase;
			buildActionMask = 2147483647;
			files = (
				23E597402547D4470080BE0E /* Assets.xcassets in Resources */,
				23E597432547D4470080BE0E /* Main.storyboard in Resources */,
			);
			runOnlyForDeploymentPostprocessing = 0;
		};
/* End PBXResourcesBuildPhase section */

/* Begin PBXSourcesBuildPhase section */
		230A4B71256CA750009B4689 /* Sources */ = {
			isa = PBXSourcesBuildPhase;
			buildActionMask = 2147483647;
			files = (
				230A4B7C256CA750009B4689 /* ViewController.m in Sources */,
				230A4B84256CA751009B4689 /* main.m in Sources */,
				230A4B79256CA750009B4689 /* AppDelegate.m in Sources */,
			);
			runOnlyForDeploymentPostprocessing = 0;
		};
		235981A1256B333F000D2479 /* Sources */ = {
			isa = PBXSourcesBuildPhase;
			buildActionMask = 2147483647;
			files = (
				235981AA256B333F000D2479 /* ContentView.swift in Sources */,
				235981A8256B333F000D2479 /* AppDelegate.swift in Sources */,
			);
			runOnlyForDeploymentPostprocessing = 0;
		};
		23E597342547D4460080BE0E /* Sources */ = {
			isa = PBXSourcesBuildPhase;
			buildActionMask = 2147483647;
			files = (
				23875E43256B2B5900A0ACE0 /* DSFDropFilesView.swift in Sources */,
				23875E4C256B2B6A00A0ACE0 /* DSFAccessibility.swift in Sources */,
				23875E4A256B2B6A00A0ACE0 /* DSFDropFilesView+image.swift in Sources */,
				23E5973E2547D4460080BE0E /* ViewController.swift in Sources */,
				23E5973C2547D4460080BE0E /* AppDelegate.swift in Sources */,
				23875E49256B2B6A00A0ACE0 /* DSFDropFilesView+utils.swift in Sources */,
				23875E4B256B2B6A00A0ACE0 /* DSFDropFilesView+protocol.swift in Sources */,
				2359819D256B2FCA000D2479 /* DSFDropFilesView+SwiftUI.swift in Sources */,
			);
			runOnlyForDeploymentPostprocessing = 0;
		};
/* End PBXSourcesBuildPhase section */

/* Begin PBXTargetDependency section */
		230A4B8E256CA760009B4689 /* PBXTargetDependency */ = {
			isa = PBXTargetDependency;
			target = 230A4B74256CA750009B4689 /* DSFDropFilesView ObjC Demo */;
			targetProxy = 230A4B8D256CA760009B4689 /* PBXContainerItemProxy */;
		};
		230A4B94256CA76B009B4689 /* PBXTargetDependency */ = {
			isa = PBXTargetDependency;
			productRef = 230A4B93256CA76B009B4689 /* DSFDropFilesView */;
		};
		23D29C49256C890800E5CBC0 /* PBXTargetDependency */ = {
			isa = PBXTargetDependency;
			target = 23E597372547D4460080BE0E /* DSFDropFilesView Demo */;
			targetProxy = 23D29C48256C890800E5CBC0 /* PBXContainerItemProxy */;
		};
		23D29C4B256C890800E5CBC0 /* PBXTargetDependency */ = {
			isa = PBXTargetDependency;
			target = 235981A4256B333F000D2479 /* DSFDropFilesView SwiftUI Demo */;
			targetProxy = 23D29C4A256C890800E5CBC0 /* PBXContainerItemProxy */;
		};
		23D29C57256C8DF300E5CBC0 /* PBXTargetDependency */ = {
			isa = PBXTargetDependency;
			productRef = 23D29C56256C8DF300E5CBC0 /* DSFDropFilesView */;
		};
/* End PBXTargetDependency section */

/* Begin PBXVariantGroup section */
		230A4B7F256CA751009B4689 /* Main.storyboard */ = {
			isa = PBXVariantGroup;
			children = (
				230A4B80256CA751009B4689 /* Base */,
			);
			name = Main.storyboard;
			sourceTree = "<group>";
		};
		235981B0256B3340000D2479 /* Main.storyboard */ = {
			isa = PBXVariantGroup;
			children = (
				235981B1256B3340000D2479 /* Base */,
			);
			name = Main.storyboard;
			sourceTree = "<group>";
		};
		23E597412547D4470080BE0E /* Main.storyboard */ = {
			isa = PBXVariantGroup;
			children = (
				23E597422547D4470080BE0E /* Base */,
			);
			name = Main.storyboard;
			sourceTree = "<group>";
		};
/* End PBXVariantGroup section */

/* Begin XCBuildConfiguration section */
		230A4B86256CA751009B4689 /* Debug */ = {
			isa = XCBuildConfiguration;
			buildSettings = {
				ALWAYS_EMBED_SWIFT_STANDARD_LIBRARIES = YES;
				ASSETCATALOG_COMPILER_APPICON_NAME = AppIcon;
				ASSETCATALOG_COMPILER_GLOBAL_ACCENT_COLOR_NAME = AccentColor;
				BUILD_LIBRARY_FOR_DISTRIBUTION = YES;
				CODE_SIGN_ENTITLEMENTS = "DSFDropFilesView ObjC Demo/DSFDropFilesView_ObjC_Demo.entitlements";
				CODE_SIGN_STYLE = Automatic;
				COMBINE_HIDPI_IMAGES = YES;
				DEVELOPMENT_TEAM = 3L6RK3LGGW;
				ENABLE_HARDENED_RUNTIME = YES;
				INFOPLIST_FILE = "DSFDropFilesView ObjC Demo/Info.plist";
				LD_RUNPATH_SEARCH_PATHS = (
					"$(inherited)",
					"@executable_path/../Frameworks",
				);
				MACOSX_DEPLOYMENT_TARGET = 10.11;
				PRODUCT_BUNDLE_IDENTIFIER = "com.darrenford.DSFDropFilesView-ObjC-Demo";
				PRODUCT_NAME = "$(TARGET_NAME)";
			};
			name = Debug;
		};
		230A4B87256CA751009B4689 /* Release */ = {
			isa = XCBuildConfiguration;
			buildSettings = {
				ALWAYS_EMBED_SWIFT_STANDARD_LIBRARIES = YES;
				ASSETCATALOG_COMPILER_APPICON_NAME = AppIcon;
				ASSETCATALOG_COMPILER_GLOBAL_ACCENT_COLOR_NAME = AccentColor;
				BUILD_LIBRARY_FOR_DISTRIBUTION = YES;
				CODE_SIGN_ENTITLEMENTS = "DSFDropFilesView ObjC Demo/DSFDropFilesView_ObjC_Demo.entitlements";
				CODE_SIGN_STYLE = Automatic;
				COMBINE_HIDPI_IMAGES = YES;
				DEVELOPMENT_TEAM = 3L6RK3LGGW;
				ENABLE_HARDENED_RUNTIME = YES;
				INFOPLIST_FILE = "DSFDropFilesView ObjC Demo/Info.plist";
				LD_RUNPATH_SEARCH_PATHS = (
					"$(inherited)",
					"@executable_path/../Frameworks",
				);
				MACOSX_DEPLOYMENT_TARGET = 10.11;
				PRODUCT_BUNDLE_IDENTIFIER = "com.darrenford.DSFDropFilesView-ObjC-Demo";
				PRODUCT_NAME = "$(TARGET_NAME)";
			};
			name = Release;
		};
		235981B6256B3340000D2479 /* Debug */ = {
			isa = XCBuildConfiguration;
			buildSettings = {
				ASSETCATALOG_COMPILER_APPICON_NAME = AppIcon;
				ASSETCATALOG_COMPILER_GLOBAL_ACCENT_COLOR_NAME = AccentColor;
				CODE_SIGN_ENTITLEMENTS = "DSFDropFilesView SwiftUI Demo/DSFDropFilesView_SwiftUI_Demo.entitlements";
				CODE_SIGN_STYLE = Automatic;
				COMBINE_HIDPI_IMAGES = YES;
				DEVELOPMENT_ASSET_PATHS = "\"DSFDropFilesView SwiftUI Demo/Preview Content\"";
				DEVELOPMENT_TEAM = 3L6RK3LGGW;
				ENABLE_HARDENED_RUNTIME = YES;
				ENABLE_PREVIEWS = YES;
				INFOPLIST_FILE = "DSFDropFilesView SwiftUI Demo/Info.plist";
				LD_RUNPATH_SEARCH_PATHS = (
					"$(inherited)",
					"@executable_path/../Frameworks",
				);
				MACOSX_DEPLOYMENT_TARGET = 11.0;
				PRODUCT_BUNDLE_IDENTIFIER = "com.darrenford.DSFDropFilesView-SwiftUI-Demo";
				PRODUCT_NAME = "$(TARGET_NAME)";
				SWIFT_VERSION = 5.0;
			};
			name = Debug;
		};
		235981B7256B3340000D2479 /* Release */ = {
			isa = XCBuildConfiguration;
			buildSettings = {
				ASSETCATALOG_COMPILER_APPICON_NAME = AppIcon;
				ASSETCATALOG_COMPILER_GLOBAL_ACCENT_COLOR_NAME = AccentColor;
				CODE_SIGN_ENTITLEMENTS = "DSFDropFilesView SwiftUI Demo/DSFDropFilesView_SwiftUI_Demo.entitlements";
				CODE_SIGN_STYLE = Automatic;
				COMBINE_HIDPI_IMAGES = YES;
				DEVELOPMENT_ASSET_PATHS = "\"DSFDropFilesView SwiftUI Demo/Preview Content\"";
				DEVELOPMENT_TEAM = 3L6RK3LGGW;
				ENABLE_HARDENED_RUNTIME = YES;
				ENABLE_PREVIEWS = YES;
				INFOPLIST_FILE = "DSFDropFilesView SwiftUI Demo/Info.plist";
				LD_RUNPATH_SEARCH_PATHS = (
					"$(inherited)",
					"@executable_path/../Frameworks",
				);
				MACOSX_DEPLOYMENT_TARGET = 11.0;
				PRODUCT_BUNDLE_IDENTIFIER = "com.darrenford.DSFDropFilesView-SwiftUI-Demo";
				PRODUCT_NAME = "$(TARGET_NAME)";
				SWIFT_VERSION = 5.0;
			};
			name = Release;
		};
		23D29C42256C890300E5CBC0 /* Debug */ = {
			isa = XCBuildConfiguration;
			buildSettings = {
				CODE_SIGN_STYLE = Automatic;
				DEVELOPMENT_TEAM = 3L6RK3LGGW;
				PRODUCT_NAME = "$(TARGET_NAME)";
			};
			name = Debug;
		};
		23D29C43256C890300E5CBC0 /* Release */ = {
			isa = XCBuildConfiguration;
			buildSettings = {
				CODE_SIGN_STYLE = Automatic;
				DEVELOPMENT_TEAM = 3L6RK3LGGW;
				PRODUCT_NAME = "$(TARGET_NAME)";
			};
			name = Release;
		};
		23E597462547D4470080BE0E /* Debug */ = {
			isa = XCBuildConfiguration;
			buildSettings = {
				ALWAYS_SEARCH_USER_PATHS = NO;
				CLANG_ANALYZER_NONNULL = YES;
				CLANG_ANALYZER_NUMBER_OBJECT_CONVERSION = YES_AGGRESSIVE;
				CLANG_CXX_LANGUAGE_STANDARD = "gnu++14";
				CLANG_CXX_LIBRARY = "libc++";
				CLANG_ENABLE_MODULES = YES;
				CLANG_ENABLE_OBJC_ARC = YES;
				CLANG_ENABLE_OBJC_WEAK = YES;
				CLANG_WARN_BLOCK_CAPTURE_AUTORELEASING = YES;
				CLANG_WARN_BOOL_CONVERSION = YES;
				CLANG_WARN_COMMA = YES;
				CLANG_WARN_CONSTANT_CONVERSION = YES;
				CLANG_WARN_DEPRECATED_OBJC_IMPLEMENTATIONS = YES;
				CLANG_WARN_DIRECT_OBJC_ISA_USAGE = YES_ERROR;
				CLANG_WARN_DOCUMENTATION_COMMENTS = YES;
				CLANG_WARN_EMPTY_BODY = YES;
				CLANG_WARN_ENUM_CONVERSION = YES;
				CLANG_WARN_INFINITE_RECURSION = YES;
				CLANG_WARN_INT_CONVERSION = YES;
				CLANG_WARN_NON_LITERAL_NULL_CONVERSION = YES;
				CLANG_WARN_OBJC_IMPLICIT_RETAIN_SELF = YES;
				CLANG_WARN_OBJC_LITERAL_CONVERSION = YES;
				CLANG_WARN_OBJC_ROOT_CLASS = YES_ERROR;
				CLANG_WARN_QUOTED_INCLUDE_IN_FRAMEWORK_HEADER = YES;
				CLANG_WARN_RANGE_LOOP_ANALYSIS = YES;
				CLANG_WARN_STRICT_PROTOTYPES = YES;
				CLANG_WARN_SUSPICIOUS_MOVE = YES;
				CLANG_WARN_UNGUARDED_AVAILABILITY = YES_AGGRESSIVE;
				CLANG_WARN_UNREACHABLE_CODE = YES;
				CLANG_WARN__DUPLICATE_METHOD_MATCH = YES;
				COPY_PHASE_STRIP = NO;
				DEBUG_INFORMATION_FORMAT = dwarf;
				ENABLE_STRICT_OBJC_MSGSEND = YES;
				ENABLE_TESTABILITY = YES;
				GCC_C_LANGUAGE_STANDARD = gnu11;
				GCC_DYNAMIC_NO_PIC = NO;
				GCC_NO_COMMON_BLOCKS = YES;
				GCC_OPTIMIZATION_LEVEL = 0;
				GCC_PREPROCESSOR_DEFINITIONS = (
					"DEBUG=1",
					"$(inherited)",
				);
				GCC_WARN_64_TO_32_BIT_CONVERSION = YES;
				GCC_WARN_ABOUT_RETURN_TYPE = YES_ERROR;
				GCC_WARN_UNDECLARED_SELECTOR = YES;
				GCC_WARN_UNINITIALIZED_AUTOS = YES_AGGRESSIVE;
				GCC_WARN_UNUSED_FUNCTION = YES;
				GCC_WARN_UNUSED_VARIABLE = YES;
				MACOSX_DEPLOYMENT_TARGET = 10.15;
				MTL_ENABLE_DEBUG_INFO = INCLUDE_SOURCE;
				MTL_FAST_MATH = YES;
				ONLY_ACTIVE_ARCH = YES;
				SDKROOT = macosx;
				SWIFT_ACTIVE_COMPILATION_CONDITIONS = DEBUG;
				SWIFT_OPTIMIZATION_LEVEL = "-Onone";
			};
			name = Debug;
		};
		23E597472547D4470080BE0E /* Release */ = {
			isa = XCBuildConfiguration;
			buildSettings = {
				ALWAYS_SEARCH_USER_PATHS = NO;
				CLANG_ANALYZER_NONNULL = YES;
				CLANG_ANALYZER_NUMBER_OBJECT_CONVERSION = YES_AGGRESSIVE;
				CLANG_CXX_LANGUAGE_STANDARD = "gnu++14";
				CLANG_CXX_LIBRARY = "libc++";
				CLANG_ENABLE_MODULES = YES;
				CLANG_ENABLE_OBJC_ARC = YES;
				CLANG_ENABLE_OBJC_WEAK = YES;
				CLANG_WARN_BLOCK_CAPTURE_AUTORELEASING = YES;
				CLANG_WARN_BOOL_CONVERSION = YES;
				CLANG_WARN_COMMA = YES;
				CLANG_WARN_CONSTANT_CONVERSION = YES;
				CLANG_WARN_DEPRECATED_OBJC_IMPLEMENTATIONS = YES;
				CLANG_WARN_DIRECT_OBJC_ISA_USAGE = YES_ERROR;
				CLANG_WARN_DOCUMENTATION_COMMENTS = YES;
				CLANG_WARN_EMPTY_BODY = YES;
				CLANG_WARN_ENUM_CONVERSION = YES;
				CLANG_WARN_INFINITE_RECURSION = YES;
				CLANG_WARN_INT_CONVERSION = YES;
				CLANG_WARN_NON_LITERAL_NULL_CONVERSION = YES;
				CLANG_WARN_OBJC_IMPLICIT_RETAIN_SELF = YES;
				CLANG_WARN_OBJC_LITERAL_CONVERSION = YES;
				CLANG_WARN_OBJC_ROOT_CLASS = YES_ERROR;
				CLANG_WARN_QUOTED_INCLUDE_IN_FRAMEWORK_HEADER = YES;
				CLANG_WARN_RANGE_LOOP_ANALYSIS = YES;
				CLANG_WARN_STRICT_PROTOTYPES = YES;
				CLANG_WARN_SUSPICIOUS_MOVE = YES;
				CLANG_WARN_UNGUARDED_AVAILABILITY = YES_AGGRESSIVE;
				CLANG_WARN_UNREACHABLE_CODE = YES;
				CLANG_WARN__DUPLICATE_METHOD_MATCH = YES;
				COPY_PHASE_STRIP = NO;
				DEBUG_INFORMATION_FORMAT = "dwarf-with-dsym";
				ENABLE_NS_ASSERTIONS = NO;
				ENABLE_STRICT_OBJC_MSGSEND = YES;
				GCC_C_LANGUAGE_STANDARD = gnu11;
				GCC_NO_COMMON_BLOCKS = YES;
				GCC_WARN_64_TO_32_BIT_CONVERSION = YES;
				GCC_WARN_ABOUT_RETURN_TYPE = YES_ERROR;
				GCC_WARN_UNDECLARED_SELECTOR = YES;
				GCC_WARN_UNINITIALIZED_AUTOS = YES_AGGRESSIVE;
				GCC_WARN_UNUSED_FUNCTION = YES;
				GCC_WARN_UNUSED_VARIABLE = YES;
				MACOSX_DEPLOYMENT_TARGET = 10.15;
				MTL_ENABLE_DEBUG_INFO = NO;
				MTL_FAST_MATH = YES;
				SDKROOT = macosx;
				SWIFT_COMPILATION_MODE = wholemodule;
				SWIFT_OPTIMIZATION_LEVEL = "-O";
			};
			name = Release;
		};
		23E597492547D4470080BE0E /* Debug */ = {
			isa = XCBuildConfiguration;
			buildSettings = {
				ASSETCATALOG_COMPILER_APPICON_NAME = AppIcon;
				ASSETCATALOG_COMPILER_GLOBAL_ACCENT_COLOR_NAME = AccentColor;
				CODE_SIGN_ENTITLEMENTS = "DSFDropFilesView Demo/DSFDropFilesView_Demo.entitlements";
				CODE_SIGN_STYLE = Automatic;
				COMBINE_HIDPI_IMAGES = YES;
				DEVELOPMENT_TEAM = 3L6RK3LGGW;
				ENABLE_HARDENED_RUNTIME = YES;
				INFOPLIST_FILE = "DSFDropFilesView Demo/Info.plist";
				LD_RUNPATH_SEARCH_PATHS = (
					"$(inherited)",
					"@executable_path/../Frameworks",
				);
				MACOSX_DEPLOYMENT_TARGET = 10.11;
				PRODUCT_BUNDLE_IDENTIFIER = "com.darrenford.DSFDropFilesView-Demo";
				PRODUCT_NAME = "$(TARGET_NAME)";
				SWIFT_VERSION = 5.0;
			};
			name = Debug;
		};
		23E5974A2547D4470080BE0E /* Release */ = {
			isa = XCBuildConfiguration;
			buildSettings = {
				ASSETCATALOG_COMPILER_APPICON_NAME = AppIcon;
				ASSETCATALOG_COMPILER_GLOBAL_ACCENT_COLOR_NAME = AccentColor;
				CODE_SIGN_ENTITLEMENTS = "DSFDropFilesView Demo/DSFDropFilesView_Demo.entitlements";
				CODE_SIGN_STYLE = Automatic;
				COMBINE_HIDPI_IMAGES = YES;
				DEVELOPMENT_TEAM = 3L6RK3LGGW;
				ENABLE_HARDENED_RUNTIME = YES;
				INFOPLIST_FILE = "DSFDropFilesView Demo/Info.plist";
				LD_RUNPATH_SEARCH_PATHS = (
					"$(inherited)",
					"@executable_path/../Frameworks",
				);
				MACOSX_DEPLOYMENT_TARGET = 10.11;
				PRODUCT_BUNDLE_IDENTIFIER = "com.darrenford.DSFDropFilesView-Demo";
				PRODUCT_NAME = "$(TARGET_NAME)";
				SWIFT_VERSION = 5.0;
			};
			name = Release;
		};
/* End XCBuildConfiguration section */

/* Begin XCConfigurationList section */
		230A4B88256CA751009B4689 /* Build configuration list for PBXNativeTarget "DSFDropFilesView ObjC Demo" */ = {
			isa = XCConfigurationList;
			buildConfigurations = (
				230A4B86256CA751009B4689 /* Debug */,
				230A4B87256CA751009B4689 /* Release */,
			);
			defaultConfigurationIsVisible = 0;
			defaultConfigurationName = Release;
		};
		235981B5256B3340000D2479 /* Build configuration list for PBXNativeTarget "DSFDropFilesView SwiftUI Demo" */ = {
			isa = XCConfigurationList;
			buildConfigurations = (
				235981B6256B3340000D2479 /* Debug */,
				235981B7256B3340000D2479 /* Release */,
			);
			defaultConfigurationIsVisible = 0;
			defaultConfigurationName = Release;
		};
		23D29C44256C890300E5CBC0 /* Build configuration list for PBXAggregateTarget "All" */ = {
			isa = XCConfigurationList;
			buildConfigurations = (
				23D29C42256C890300E5CBC0 /* Debug */,
				23D29C43256C890300E5CBC0 /* Release */,
			);
			defaultConfigurationIsVisible = 0;
			defaultConfigurationName = Release;
		};
		23E597332547D4460080BE0E /* Build configuration list for PBXProject "DSFDropFilesView Demo" */ = {
			isa = XCConfigurationList;
			buildConfigurations = (
				23E597462547D4470080BE0E /* Debug */,
				23E597472547D4470080BE0E /* Release */,
			);
			defaultConfigurationIsVisible = 0;
			defaultConfigurationName = Release;
		};
		23E597482547D4470080BE0E /* Build configuration list for PBXNativeTarget "DSFDropFilesView Demo" */ = {
			isa = XCConfigurationList;
			buildConfigurations = (
				23E597492547D4470080BE0E /* Debug */,
				23E5974A2547D4470080BE0E /* Release */,
			);
			defaultConfigurationIsVisible = 0;
			defaultConfigurationName = Release;
		};
/* End XCConfigurationList section */

/* Begin XCSwiftPackageProductDependency section */
		230A4B93256CA76B009B4689 /* DSFDropFilesView */ = {
			isa = XCSwiftPackageProductDependency;
			productName = DSFDropFilesView;
		};
		230A4B95256CA771009B4689 /* DSFDropFilesView */ = {
			isa = XCSwiftPackageProductDependency;
			productName = DSFDropFilesView;
		};
		23D29C56256C8DF300E5CBC0 /* DSFDropFilesView */ = {
			isa = XCSwiftPackageProductDependency;
			productName = DSFDropFilesView;
		};
		23D29C58256C8DF800E5CBC0 /* DSFDropFilesView */ = {
			isa = XCSwiftPackageProductDependency;
			productName = DSFDropFilesView;
		};
/* End XCSwiftPackageProductDependency section */
	};
	rootObject = 23E597302547D4460080BE0E /* Project object */;
}
